// !$*UTF8*$!
{
	archiveVersion = 1;
	classes = {
	};
	objectVersion = 70;
	objects = {

/* Begin PBXBuildFile section */
		D3E6E2272A3ACFA100BF7095 /* Assets.xcassets in Resources */ = {isa = PBXBuildFile; fileRef = D3E6E2212A3ACFA000BF7095 /* Assets.xcassets */; };
		D3E6E2282A3ACFA100BF7095 /* BrowserApp.swift in Sources */ = {isa = PBXBuildFile; fileRef = D3E6E2222A3ACFA000BF7095 /* BrowserApp.swift */; };
		D3E6E2292A3ACFA100BF7095 /* Preview Assets.xcassets in Resources */ = {isa = PBXBuildFile; fileRef = D3E6E2242A3ACFA100BF7095 /* Preview Assets.xcassets */; };
		D3F0CA102FB6A1C000D1D004 /* SwiftOCA in Frameworks */ = {isa = PBXBuildFile; productRef = D3F0CA102FB6A1C000D1D002 /* SwiftOCA */; };
		D3F0CA102FB6A1C000D1D005 /* SwiftOCAUI in Frameworks */ = {isa = PBXBuildFile; productRef = D3F0CA102FB6A1C000D1D003 /* SwiftOCAUI */; };
/* End PBXBuildFile section */

/* Begin PBXFileReference section */
		D3E6E1F62A3ACF5900BF7095 /* OCABrowser.app */ = {isa = PBXFileReference; explicitFileType = wrapper.application; includeInIndex = 0; path = OCABrowser.app; sourceTree = BUILT_PRODUCTS_DIR; };
		D3E6E2212A3ACFA000BF7095 /* Assets.xcassets */ = {isa = PBXFileReference; lastKnownFileType = folder.assetcatalog; name = Assets.xcassets; path = Examples/OCABrowser/Assets.xcassets; sourceTree = SOURCE_ROOT; };
		D3E6E2222A3ACFA000BF7095 /* BrowserApp.swift */ = {isa = PBXFileReference; fileEncoding = 4; lastKnownFileType = sourcecode.swift; name = BrowserApp.swift; path = Examples/OCABrowser/BrowserApp.swift; sourceTree = SOURCE_ROOT; };
		D3E6E2242A3ACFA100BF7095 /* Preview Assets.xcassets */ = {isa = PBXFileReference; lastKnownFileType = folder.assetcatalog; path = "Preview Assets.xcassets"; sourceTree = "<group>"; };
		D3E6E2262A3ACFA100BF7095 /* OCABrowser.entitlements */ = {isa = PBXFileReference; fileEncoding = 4; lastKnownFileType = text.plist.entitlements; name = OCABrowser.entitlements; path = Examples/OCABrowser/OCABrowser.entitlements; sourceTree = SOURCE_ROOT; };
/* End PBXFileReference section */

/* Begin PBXFrameworksBuildPhase section */
		D3E6E1F32A3ACF5900BF7095 /* Frameworks */ = {
			isa = PBXFrameworksBuildPhase;
			buildActionMask = 2147483647;
			files = (
				D3F0CA102FB6A1C000D1D004 /* SwiftOCA in Frameworks */,
				D3F0CA102FB6A1C000D1D005 /* SwiftOCAUI in Frameworks */,
			);
			runOnlyForDeploymentPostprocessing = 0;
		};
/* End PBXFrameworksBuildPhase section */

/* Begin PBXGroup section */
		D3E6E15B2A3ACA0B00BF7095 = {
			isa = PBXGroup;
			children = (
				D3E6E1F72A3ACF5900BF7095 /* Examples/OCABrowser */,
				D3E6E1652A3ACA0B00BF7095 /* Products */,
				D3E6E2332A3AD0A800BF7095 /* Frameworks */,
			);
			sourceTree = "<group>";
		};
		D3E6E1652A3ACA0B00BF7095 /* Products */ = {
			isa = PBXGroup;
			children = (
				D3E6E1F62A3ACF5900BF7095 /* OCABrowser.app */,
			);
			name = Products;
			sourceTree = "<group>";
		};
		D3E6E1F72A3ACF5900BF7095 /* Examples/OCABrowser */ = {
			isa = PBXGroup;
			children = (
				D3E6E2212A3ACFA000BF7095 /* Assets.xcassets */,
				D3E6E2222A3ACFA000BF7095 /* BrowserApp.swift */,
				D3E6E2232A3ACFA100BF7095 /* Preview Content */,
				D3E6E2262A3ACFA100BF7095 /* OCABrowser.entitlements */,
			);
			path = Examples/OCABrowser;
			sourceTree = "<group>";
		};
		D3E6E2232A3ACFA100BF7095 /* Preview Content */ = {
			isa = PBXGroup;
			children = (
				D3E6E2242A3ACFA100BF7095 /* Preview Assets.xcassets */,
			);
			name = "Preview Content";
			path = "Examples/OCABrowser/Preview Content";
			sourceTree = SOURCE_ROOT;
		};
		D3E6E2332A3AD0A800BF7095 /* Frameworks */ = {
			isa = PBXGroup;
			children = (
			);
			name = Frameworks;
			sourceTree = "<group>";
		};
/* End PBXGroup section */

/* Begin PBXNativeTarget section */
		D3E6E1F52A3ACF5900BF7095 /* OCABrowser */ = {
			isa = PBXNativeTarget;
			buildConfigurationList = D3E6E2182A3ACF5A00BF7095 /* Build configuration list for PBXNativeTarget "OCABrowser" */;
			buildPhases = (
				D3E6E1F22A3ACF5900BF7095 /* Sources */,
				D3E6E1F32A3ACF5900BF7095 /* Frameworks */,
				D3E6E1F42A3ACF5900BF7095 /* Resources */,
			);
			buildRules = (
			);
			dependencies = (
			);
			name = OCABrowser;
			packageProductDependencies = (
				D3F0CA102FB6A1C000D1D002 /* SwiftOCA */,
				D3F0CA102FB6A1C000D1D003 /* SwiftOCAUI */,
			);
			productName = OCABrowser;
			productReference = D3E6E1F62A3ACF5900BF7095 /* OCABrowser.app */;
			productType = "com.apple.product-type.application";
		};
/* End PBXNativeTarget section */

/* Begin PBXProject section */
		D3E6E15C2A3ACA0B00BF7095 /* Project object */ = {
			isa = PBXProject;
			attributes = {
				BuildIndependentTargetsInParallel = 1;
				LastSwiftUpdateCheck = 1640;
				LastUpgradeCheck = 1520;
				TargetAttributes = {
					D3E6E1F52A3ACF5900BF7095 = {
						CreatedOnToolsVersion = 14.2;
					};
				};
			};
			buildConfigurationList = D3E6E15F2A3ACA0B00BF7095 /* Build configuration list for PBXProject "SwiftOCA" */;
			compatibilityVersion = "Xcode 14.0";
			developmentRegion = en;
			hasScannedForEncodings = 0;
			knownRegions = (
				en,
				Base,
			);
			mainGroup = D3E6E15B2A3ACA0B00BF7095;
			packageReferences = (
				D3F0CA102FB6A1C000D1D001 /* XCLocalSwiftPackageReference "." */,
			);
			productRefGroup = D3E6E1652A3ACA0B00BF7095 /* Products */;
			projectDirPath = "";
			projectRoot = "";
			targets = (
				D3E6E1F52A3ACF5900BF7095 /* OCABrowser */,
			);
		};
/* End PBXProject section */

/* Begin PBXResourcesBuildPhase section */
		D3E6E1F42A3ACF5900BF7095 /* Resources */ = {
			isa = PBXResourcesBuildPhase;
			buildActionMask = 2147483647;
			files = (
				D3E6E2292A3ACFA100BF7095 /* Preview Assets.xcassets in Resources */,
				D3E6E2272A3ACFA100BF7095 /* Assets.xcassets in Resources */,
			);
			runOnlyForDeploymentPostprocessing = 0;
		};
/* End PBXResourcesBuildPhase section */

/* Begin PBXSourcesBuildPhase section */
		D3E6E1F22A3ACF5900BF7095 /* Sources */ = {
			isa = PBXSourcesBuildPhase;
			buildActionMask = 2147483647;
			files = (
				D3E6E2282A3ACFA100BF7095 /* BrowserApp.swift in Sources */,
			);
			runOnlyForDeploymentPostprocessing = 0;
		};
/* End PBXSourcesBuildPhase section */

/* Begin XCBuildConfiguration section */
		D3E6E1662A3ACA0B00BF7095 /* Debug */ = {
			isa = XCBuildConfiguration;
			buildSettings = {
				ALWAYS_SEARCH_USER_PATHS = NO;
				CLANG_ANALYZER_NONNULL = YES;
				CLANG_ANALYZER_NUMBER_OBJECT_CONVERSION = YES_AGGRESSIVE;
				CLANG_CXX_LANGUAGE_STANDARD = "gnu++20";
				CLANG_ENABLE_MODULES = YES;
				CLANG_ENABLE_OBJC_ARC = YES;
				CLANG_ENABLE_OBJC_WEAK = YES;
				CLANG_WARN_BLOCK_CAPTURE_AUTORELEASING = YES;
				CLANG_WARN_BOOL_CONVERSION = YES;
				CLANG_WARN_COMMA = YES;
				CLANG_WARN_CONSTANT_CONVERSION = YES;
				CLANG_WARN_DEPRECATED_OBJC_IMPLEMENTATIONS = YES;
				CLANG_WARN_DIRECT_OBJC_ISA_USAGE = YES_ERROR;
				CLANG_WARN_DOCUMENTATION_COMMENTS = YES;
				CLANG_WARN_EMPTY_BODY = YES;
				CLANG_WARN_ENUM_CONVERSION = YES;
				CLANG_WARN_INFINITE_RECURSION = YES;
				CLANG_WARN_INT_CONVERSION = YES;
				CLANG_WARN_NON_LITERAL_NULL_CONVERSION = YES;
				CLANG_WARN_OBJC_IMPLICIT_RETAIN_SELF = YES;
				CLANG_WARN_OBJC_LITERAL_CONVERSION = YES;
				CLANG_WARN_OBJC_ROOT_CLASS = YES_ERROR;
				CLANG_WARN_QUOTED_INCLUDE_IN_FRAMEWORK_HEADER = YES;
				CLANG_WARN_RANGE_LOOP_ANALYSIS = YES;
				CLANG_WARN_STRICT_PROTOTYPES = YES;
				CLANG_WARN_SUSPICIOUS_MOVE = YES;
				CLANG_WARN_UNGUARDED_AVAILABILITY = YES_AGGRESSIVE;
				CLANG_WARN_UNREACHABLE_CODE = YES;
				CLANG_WARN__DUPLICATE_METHOD_MATCH = YES;
				COPY_PHASE_STRIP = NO;
				DEAD_CODE_STRIPPING = YES;
				DEBUG_INFORMATION_FORMAT = dwarf;
				ENABLE_STRICT_OBJC_MSGSEND = YES;
				ENABLE_TESTABILITY = YES;
				ENABLE_USER_SCRIPT_SANDBOXING = YES;
				GCC_C_LANGUAGE_STANDARD = gnu11;
				GCC_DYNAMIC_NO_PIC = NO;
				GCC_NO_COMMON_BLOCKS = YES;
				GCC_OPTIMIZATION_LEVEL = 0;
				GCC_PREPROCESSOR_DEFINITIONS = (
					"DEBUG=1",
					"$(inherited)",
				);
				GCC_WARN_64_TO_32_BIT_CONVERSION = YES;
				GCC_WARN_ABOUT_RETURN_TYPE = YES_ERROR;
				GCC_WARN_UNDECLARED_SELECTOR = YES;
				GCC_WARN_UNINITIALIZED_AUTOS = YES_AGGRESSIVE;
				GCC_WARN_UNUSED_FUNCTION = YES;
				GCC_WARN_UNUSED_VARIABLE = YES;
				MACOSX_DEPLOYMENT_TARGET = 14.6;
				MTL_ENABLE_DEBUG_INFO = INCLUDE_SOURCE;
				MTL_FAST_MATH = YES;
				ONLY_ACTIVE_ARCH = YES;
				OTHER_SWIFT_FLAGS = "-package-name swiftoca -enable-experimental-feature Extern";
				SDKROOT = macosx;
				SWIFT_ACTIVE_COMPILATION_CONDITIONS = "";
			};
			name = Debug;
		};
		D3E6E1672A3ACA0B00BF7095 /* Release */ = {
			isa = XCBuildConfiguration;
			buildSettings = {
				ALWAYS_SEARCH_USER_PATHS = NO;
				CLANG_ANALYZER_NONNULL = YES;
				CLANG_ANALYZER_NUMBER_OBJECT_CONVERSION = YES_AGGRESSIVE;
				CLANG_CXX_LANGUAGE_STANDARD = "gnu++20";
				CLANG_ENABLE_MODULES = YES;
				CLANG_ENABLE_OBJC_ARC = YES;
				CLANG_ENABLE_OBJC_WEAK = YES;
				CLANG_WARN_BLOCK_CAPTURE_AUTORELEASING = YES;
				CLANG_WARN_BOOL_CONVERSION = YES;
				CLANG_WARN_COMMA = YES;
				CLANG_WARN_CONSTANT_CONVERSION = YES;
				CLANG_WARN_DEPRECATED_OBJC_IMPLEMENTATIONS = YES;
				CLANG_WARN_DIRECT_OBJC_ISA_USAGE = YES_ERROR;
				CLANG_WARN_DOCUMENTATION_COMMENTS = YES;
				CLANG_WARN_EMPTY_BODY = YES;
				CLANG_WARN_ENUM_CONVERSION = YES;
				CLANG_WARN_INFINITE_RECURSION = YES;
				CLANG_WARN_INT_CONVERSION = YES;
				CLANG_WARN_NON_LITERAL_NULL_CONVERSION = YES;
				CLANG_WARN_OBJC_IMPLICIT_RETAIN_SELF = YES;
				CLANG_WARN_OBJC_LITERAL_CONVERSION = YES;
				CLANG_WARN_OBJC_ROOT_CLASS = YES_ERROR;
				CLANG_WARN_QUOTED_INCLUDE_IN_FRAMEWORK_HEADER = YES;
				CLANG_WARN_RANGE_LOOP_ANALYSIS = YES;
				CLANG_WARN_STRICT_PROTOTYPES = YES;
				CLANG_WARN_SUSPICIOUS_MOVE = YES;
				CLANG_WARN_UNGUARDED_AVAILABILITY = YES_AGGRESSIVE;
				CLANG_WARN_UNREACHABLE_CODE = YES;
				CLANG_WARN__DUPLICATE_METHOD_MATCH = YES;
				COPY_PHASE_STRIP = NO;
				DEAD_CODE_STRIPPING = YES;
				DEBUG_INFORMATION_FORMAT = "dwarf-with-dsym";
				ENABLE_NS_ASSERTIONS = NO;
				ENABLE_STRICT_OBJC_MSGSEND = YES;
				ENABLE_USER_SCRIPT_SANDBOXING = YES;
				GCC_C_LANGUAGE_STANDARD = gnu11;
				GCC_NO_COMMON_BLOCKS = YES;
				GCC_WARN_64_TO_32_BIT_CONVERSION = YES;
				GCC_WARN_ABOUT_RETURN_TYPE = YES_ERROR;
				GCC_WARN_UNDECLARED_SELECTOR = YES;
				GCC_WARN_UNINITIALIZED_AUTOS = YES_AGGRESSIVE;
				GCC_WARN_UNUSED_FUNCTION = YES;
				GCC_WARN_UNUSED_VARIABLE = YES;
				MACOSX_DEPLOYMENT_TARGET = 14.6;
				MTL_ENABLE_DEBUG_INFO = NO;
				MTL_FAST_MATH = YES;
				OTHER_SWIFT_FLAGS = "-package-name swiftoca -enable-experimental-feature Extern";
				SDKROOT = macosx;
				SWIFT_ACTIVE_COMPILATION_CONDITIONS = "";
				SWIFT_COMPILATION_MODE = wholemodule;
			};
			name = Release;
		};
		D3E6E2192A3ACF5A00BF7095 /* Debug */ = {
			isa = XCBuildConfiguration;
			buildSettings = {
				ASSETCATALOG_COMPILER_APPICON_NAME = AppIcon;
				ASSETCATALOG_COMPILER_GLOBAL_ACCENT_COLOR_NAME = AccentColor;
				CODE_SIGN_ENTITLEMENTS = Examples/OCABrowser/OCABrowser.entitlements;
				CODE_SIGN_IDENTITY = "-";
				"CODE_SIGN_IDENTITY[sdk=iphoneos*]" = "Apple Development";
				"CODE_SIGN_IDENTITY[sdk=macosx*]" = "Apple Development";
				CODE_SIGN_STYLE = Automatic;
				COMBINE_HIDPI_IMAGES = YES;
				CURRENT_PROJECT_VERSION = 1;
				DEAD_CODE_STRIPPING = YES;
				DEVELOPMENT_ASSET_PATHS = "\"Examples/OCABrowser/Preview Content\"";
				DEVELOPMENT_TEAM = T53Q9CN4T9;
				ENABLE_HARDENED_RUNTIME = YES;
				ENABLE_PREVIEWS = YES;
				GENERATE_INFOPLIST_FILE = YES;
				INFOPLIST_KEY_NSHumanReadableCopyright = "";
				IPHONEOS_DEPLOYMENT_TARGET = 18.0;
				LD_RUNPATH_SEARCH_PATHS = (
					"$(inherited)",
					"@executable_path/../Frameworks",
				);
				MACOSX_DEPLOYMENT_TARGET = 15.0;
				MARKETING_VERSION = 1.0;
				PRODUCT_BUNDLE_IDENTIFIER = com.padl.OCABrowser;
				PRODUCT_NAME = "$(TARGET_NAME)";
				SUPPORTED_PLATFORMS = "iphoneos iphonesimulator macosx";
				SUPPORTS_MACCATALYST = NO;
				SUPPORTS_MAC_DESIGNED_FOR_IPHONE_IPAD = NO;
				SWIFT_ACTIVE_COMPILATION_CONDITIONS = DEBUG;
				SWIFT_EMIT_LOC_STRINGS = YES;
				SWIFT_OPTIMIZATION_LEVEL = "-Onone";
				SWIFT_VERSION = 6.0;
				TARGETED_DEVICE_FAMILY = 2;
			};
			name = Debug;
		};
		D3E6E21A2A3ACF5A00BF7095 /* Release */ = {
			isa = XCBuildConfiguration;
			buildSettings = {
				ASSETCATALOG_COMPILER_APPICON_NAME = AppIcon;
				ASSETCATALOG_COMPILER_GLOBAL_ACCENT_COLOR_NAME = AccentColor;
				CODE_SIGN_ENTITLEMENTS = Examples/OCABrowser/OCABrowser.entitlements;
				CODE_SIGN_IDENTITY = "-";
				"CODE_SIGN_IDENTITY[sdk=iphoneos*]" = "Apple Development";
				"CODE_SIGN_IDENTITY[sdk=macosx*]" = "Apple Development";
				CODE_SIGN_STYLE = Automatic;
				COMBINE_HIDPI_IMAGES = YES;
				CURRENT_PROJECT_VERSION = 1;
				DEAD_CODE_STRIPPING = YES;
				DEVELOPMENT_ASSET_PATHS = "\"Examples/OCABrowser/Preview Content\"";
				DEVELOPMENT_TEAM = T53Q9CN4T9;
				ENABLE_HARDENED_RUNTIME = YES;
				ENABLE_PREVIEWS = YES;
				GENERATE_INFOPLIST_FILE = YES;
				INFOPLIST_KEY_NSHumanReadableCopyright = "";
				IPHONEOS_DEPLOYMENT_TARGET = 18.0;
				LD_RUNPATH_SEARCH_PATHS = (
					"$(inherited)",
					"@executable_path/../Frameworks",
				);
				MACOSX_DEPLOYMENT_TARGET = 15.0;
				MARKETING_VERSION = 1.0;
				PRODUCT_BUNDLE_IDENTIFIER = com.padl.OCABrowser;
				PRODUCT_NAME = "$(TARGET_NAME)";
				SUPPORTED_PLATFORMS = "iphoneos iphonesimulator macosx";
				SUPPORTS_MACCATALYST = NO;
				SUPPORTS_MAC_DESIGNED_FOR_IPHONE_IPAD = NO;
				SWIFT_COMPILATION_MODE = wholemodule;
				SWIFT_EMIT_LOC_STRINGS = YES;
				SWIFT_OPTIMIZATION_LEVEL = "-O";
				SWIFT_VERSION = 6.0;
				TARGETED_DEVICE_FAMILY = 2;
			};
			name = Release;
		};
/* End XCBuildConfiguration section */

/* Begin XCConfigurationList section */
		D3E6E15F2A3ACA0B00BF7095 /* Build configuration list for PBXProject "SwiftOCA" */ = {
			isa = XCConfigurationList;
			buildConfigurations = (
				D3E6E1662A3ACA0B00BF7095 /* Debug */,
				D3E6E1672A3ACA0B00BF7095 /* Release */,
			);
			defaultConfigurationIsVisible = 0;
			defaultConfigurationName = Release;
		};
		D3E6E2182A3ACF5A00BF7095 /* Build configuration list for PBXNativeTarget "OCABrowser" */ = {
			isa = XCConfigurationList;
			buildConfigurations = (
				D3E6E2192A3ACF5A00BF7095 /* Debug */,
				D3E6E21A2A3ACF5A00BF7095 /* Release */,
			);
			defaultConfigurationIsVisible = 0;
			defaultConfigurationName = Release;
		};
/* End XCConfigurationList section */

/* Begin XCLocalSwiftPackageReference section */
		D3F0CA102FB6A1C000D1D001 /* XCLocalSwiftPackageReference "." */ = {
			isa = XCLocalSwiftPackageReference;
			relativePath = .;
		};
/* End XCLocalSwiftPackageReference section */

/* Begin XCSwiftPackageProductDependency section */
		D3F0CA102FB6A1C000D1D002 /* SwiftOCA */ = {
			isa = XCSwiftPackageProductDependency;
			package = D3F0CA102FB6A1C000D1D001 /* XCLocalSwiftPackageReference "." */;
			productName = SwiftOCA;
		};
		D3F0CA102FB6A1C000D1D003 /* SwiftOCAUI */ = {
			isa = XCSwiftPackageProductDependency;
			package = D3F0CA102FB6A1C000D1D001 /* XCLocalSwiftPackageReference "." */;
			productName = SwiftOCAUI;
		};
/* End XCSwiftPackageProductDependency section */
	};
	rootObject = D3E6E15C2A3ACA0B00BF7095 /* Project object */;
}
